{
  "name": "@stryke/sdk",
  "version": "1.0.3",
  "lockfileVersion": 3,
  "requires": true,
  "packages": {
    "": {
      "name": "@stryke/sdk",
      "version": "1.0.3",
      "license": "MIT",
      "dependencies": {
        "@stryke/sdk": "^1.0.3"
      },
      "devDependencies": {
        "typescript": "^5.8.3"
      }
    },
    "node_modules/@stryke/sdk": {
      "version": "1.0.3",
      "resolved": "http://localhost:4873/@stryke/sdk/-/sdk-1.0.3.tgz",
      "integrity": "sha512-5lLgjfhMhEqClzbRYHsONMGZT4LzTBFeq2QyWGrEdcu/KgWB2ID9cta/y48A7AHlqSztLmTt+Mc9uGb21Jvm5Q==",
      "license": "MIT"
    },
    "node_modules/typescript": {
      "version": "5.8.3",
      "resolved": "https://registry.npmjs.org/typescript/-/typescript-5.8.3.tgz",
      "integrity": "sha512-p1diW6TqL9L07nNxvRMM7hMMw4c5XOo/1ibL4aAIGmSAt9slTE1Xgw5KWuof2uTOvCg9BY7ZRi+GaF+7sfgPeQ==",
      "dev": true,
      "license": "Apache-2.0",
      "bin": {
        "tsc": "bin/tsc",
        "tsserver": "bin/tsserver"
      },
      "engines": {
        "node": ">=14.17"
      }
    }
  }
}
